
Microsoft Visual Studio Solution File, Format Version 12.00
# Visual Studio Version 16
VisualStudioVersion = 16.0.31025.194
MinimumVisualStudioVersion = 10.0.40219.1
Project("{FAE04EC0-301F-11D3-BF4B-00C04F79EFBC}") = "1EmployeeManagement.Models", "1EmployeeManagement.Models\1EmployeeManagement.Models.csproj", "{D8B377DA-2B41-4E64-90D1-9B2CA3279881}"
EndProject
Project("{FAE04EC0-301F-11D3-BF4B-00C04F79EFBC}") = "EmployeeManagement.Web", "EmployeeManagement.Web\EmployeeManagement.Web.csproj", "{77CA9E43-DF46-440D-9377-7F49EB0A5A30}"
EndProject
Project("{FAE04EC0-301F-11D3-BF4B-00C04F79EFBC}") = "EmployeeManagement.Api", "EmployeeManagement.Api\EmployeeManagement.Api.csproj", "{0B045B00-1A57-49E3-801D-C956B932DC5A}"
EndProject
Global
	GlobalSection(SolutionConfigurationPlatforms) = preSolution
		Debug|Any CPU = Debug|Any CPU
		Release|Any CPU = Release|Any CPU
	EndGlobalSection
	GlobalSection(ProjectConfigurationPlatforms) = postSolution
		{D8B377DA-2B41-4E64-90D1-9B2CA3279881}.Debug|Any CPU.ActiveCfg = Debug|Any CPU
		{D8B377DA-2B41-4E64-90D1-9B2CA3279881}.Debug|Any CPU.Build.0 = Debug|Any CPU
		{D8B377DA-2B41-4E64-90D1-9B2CA3279881}.Release|Any CPU.ActiveCfg = Release|Any CPU
		{D8B377DA-2B41-4E64-90D1-9B2CA3279881}.Release|Any CPU.Build.0 = Release|Any CPU
		{77CA9E43-DF46-440D-9377-7F49EB0A5A30}.Debug|Any CPU.ActiveCfg = Debug|Any CPU
		{77CA9E43-DF46-440D-9377-7F49EB0A5A30}.Debug|Any CPU.Build.0 = Debug|Any CPU
		{77CA9E43-DF46-440D-9377-7F49EB0A5A30}.Release|Any CPU.ActiveCfg = Release|Any CPU
		{77CA9E43-DF46-440D-9377-7F49EB0A5A30}.Release|Any CPU.Build.0 = Release|Any CPU
		{0B045B00-1A57-49E3-801D-C956B932DC5A}.Debug|Any CPU.ActiveCfg = Debug|Any CPU
		{0B045B00-1A57-49E3-801D-C956B932DC5A}.Debug|Any CPU.Build.0 = Debug|Any CPU
		{0B045B00-1A57-49E3-801D-C956B932DC5A}.Release|Any CPU.ActiveCfg = Release|Any CPU
		{0B045B00-1A57-49E3-801D-C956B932DC5A}.Release|Any CPU.Build.0 = Release|Any CPU
	EndGlobalSection
	GlobalSection(SolutionProperties) = preSolution
		HideSolutionNode = FALSE
	EndGlobalSection
	GlobalSection(ExtensibilityGlobals) = postSolution
		SolutionGuid = {8F155D0F-A38B-4721-BA8C-9638064B5694}
	EndGlobalSection
EndGlobal
